// !$*UTF8*$!
{
	archiveVersion = 1;
	classes = {
	};
	objectVersion = 46;
	objects = {

/* Begin PBXBuildFile section */
		3849660A1B86A391009F5A0F /* main.m in Sources */ = {isa = PBXBuildFile; fileRef = 384966091B86A391009F5A0F /* main.m */; };
		3849660D1B86A391009F5A0F /* AppDelegate.m in Sources */ = {isa = PBXBuildFile; fileRef = 3849660C1B86A391009F5A0F /* AppDelegate.m */; };
		384966101B86A391009F5A0F /* CityMarkers.xcdatamodeld in Sources */ = {isa = PBXBuildFile; fileRef = 3849660E1B86A391009F5A0F /* CityMarkers.xcdatamodeld */; };
		384966131B86A391009F5A0F /* Start.m in Sources */ = {isa = PBXBuildFile; fileRef = 384966121B86A391009F5A0F /* Start.m */; };
		384966161B86A391009F5A0F /* Main.storyboard in Resources */ = {isa = PBXBuildFile; fileRef = 384966141B86A391009F5A0F /* Main.storyboard */; };
		384966181B86A391009F5A0F /* Images.xcassets in Resources */ = {isa = PBXBuildFile; fileRef = 384966171B86A391009F5A0F /* Images.xcassets */; };
		3849661B1B86A391009F5A0F /* LaunchScreen.xib in Resources */ = {isa = PBXBuildFile; fileRef = 384966191B86A391009F5A0F /* LaunchScreen.xib */; };
		384966271B86A391009F5A0F /* CityMarkersTests.m in Sources */ = {isa = PBXBuildFile; fileRef = 384966261B86A391009F5A0F /* CityMarkersTests.m */; };
/* End PBXBuildFile section */

/* Begin PBXContainerItemProxy section */
		384966211B86A391009F5A0F /* PBXContainerItemProxy */ = {
			isa = PBXContainerItemProxy;
			containerPortal = 384965FC1B86A391009F5A0F /* Project object */;
			proxyType = 1;
			remoteGlobalIDString = 384966031B86A391009F5A0F;
			remoteInfo = CityMarkers;
		};
/* End PBXContainerItemProxy section */

/* Begin PBXFileReference section */
		384966041B86A391009F5A0F /* CityMarkers.app */ = {isa = PBXFileReference; explicitFileType = wrapper.application; includeInIndex = 0; path = CityMarkers.app; sourceTree = BUILT_PRODUCTS_DIR; };
		384966081B86A391009F5A0F /* Info.plist */ = {isa = PBXFileReference; lastKnownFileType = text.plist.xml; path = Info.plist; sourceTree = "<group>"; };
		384966091B86A391009F5A0F /* main.m */ = {isa = PBXFileReference; lastKnownFileType = sourcecode.c.objc; path = main.m; sourceTree = "<group>"; };
		3849660B1B86A391009F5A0F /* AppDelegate.h */ = {isa = PBXFileReference; lastKnownFileType = sourcecode.c.h; path = AppDelegate.h; sourceTree = "<group>"; };
		3849660C1B86A391009F5A0F /* AppDelegate.m */ = {isa = PBXFileReference; lastKnownFileType = sourcecode.c.objc; path = AppDelegate.m; sourceTree = "<group>"; };
		3849660F1B86A391009F5A0F /* CityMarkers.xcdatamodel */ = {isa = PBXFileReference; lastKnownFileType = wrapper.xcdatamodel; path = CityMarkers.xcdatamodel; sourceTree = "<group>"; };
		384966111B86A391009F5A0F /* Start.h */ = {isa = PBXFileReference; lastKnownFileType = sourcecode.c.h; path = Start.h; sourceTree = "<group>"; };
		384966121B86A391009F5A0F /* Start.m */ = {isa = PBXFileReference; lastKnownFileType = sourcecode.c.objc; path = Start.m; sourceTree = "<group>"; };
		384966151B86A391009F5A0F /* Base */ = {isa = PBXFileReference; lastKnownFileType = file.storyboard; name = Base; path = Base.lproj/Main.storyboard; sourceTree = "<group>"; };
		384966171B86A391009F5A0F /* Images.xcassets */ = {isa = PBXFileReference; lastKnownFileType = folder.assetcatalog; path = Images.xcassets; sourceTree = "<group>"; };
		3849661A1B86A391009F5A0F /* Base */ = {isa = PBXFileReference; lastKnownFileType = file.xib; name = Base; path = Base.lproj/LaunchScreen.xib; sourceTree = "<group>"; };
		384966201B86A391009F5A0F /* CityMarkersTests.xctest */ = {isa = PBXFileReference; explicitFileType = wrapper.cfbundle; includeInIndex = 0; path = CityMarkersTests.xctest; sourceTree = BUILT_PRODUCTS_DIR; };
		384966251B86A391009F5A0F /* Info.plist */ = {isa = PBXFileReference; lastKnownFileType = text.plist.xml; path = Info.plist; sourceTree = "<group>"; };
		384966261B86A391009F5A0F /* CityMarkersTests.m */ = {isa = PBXFileReference; lastKnownFileType = sourcecode.c.objc; path = CityMarkersTests.m; sourceTree = "<group>"; };
/* End PBXFileReference section */

/* Begin PBXFrameworksBuildPhase section */
		384966011B86A391009F5A0F /* Frameworks */ = {
			isa = PBXFrameworksBuildPhase;
			buildActionMask = 2147483647;
			files = (
			);
			runOnlyForDeploymentPostprocessing = 0;
		};
		3849661D1B86A391009F5A0F /* Frameworks */ = {
			isa = PBXFrameworksBuildPhase;
			buildActionMask = 2147483647;
			files = (
			);
			runOnlyForDeploymentPostprocessing = 0;
		};
/* End PBXFrameworksBuildPhase section */

/* Begin PBXGroup section */
		384965FB1B86A391009F5A0F = {
			isa = PBXGroup;
			children = (
				384966061B86A391009F5A0F /* CityMarkers */,
				384966231B86A391009F5A0F /* CityMarkersTests */,
				384966051B86A391009F5A0F /* Products */,
			);
			sourceTree = "<group>";
		};
		384966051B86A391009F5A0F /* Products */ = {
			isa = PBXGroup;
			children = (
				384966041B86A391009F5A0F /* CityMarkers.app */,
				384966201B86A391009F5A0F /* CityMarkersTests.xctest */,
			);
			name = Products;
			sourceTree = "<group>";
		};
		384966061B86A391009F5A0F /* CityMarkers */ = {
			isa = PBXGroup;
			children = (
				384966311B86A3E1009F5A0F /* Main */,
				384966301B86A3D9009F5A0F /* Conttollers */,
				384966141B86A391009F5A0F /* Main.storyboard */,
				384966171B86A391009F5A0F /* Images.xcassets */,
				384966191B86A391009F5A0F /* LaunchScreen.xib */,
				3849660E1B86A391009F5A0F /* CityMarkers.xcdatamodeld */,
				384966071B86A391009F5A0F /* Supporting Files */,
			);
			path = CityMarkers;
			sourceTree = "<group>";
		};
		384966071B86A391009F5A0F /* Supporting Files */ = {
			isa = PBXGroup;
			children = (
				384966081B86A391009F5A0F /* Info.plist */,
				384966091B86A391009F5A0F /* main.m */,
			);
			name = "Supporting Files";
			sourceTree = "<group>";
		};
		384966231B86A391009F5A0F /* CityMarkersTests */ = {
			isa = PBXGroup;
			children = (
				384966261B86A391009F5A0F /* CityMarkersTests.m */,
				384966241B86A391009F5A0F /* Supporting Files */,
			);
			path = CityMarkersTests;
			sourceTree = "<group>";
		};
		384966241B86A391009F5A0F /* Supporting Files */ = {
			isa = PBXGroup;
			children = (
				384966251B86A391009F5A0F /* Info.plist */,
			);
			name = "Supporting Files";
			sourceTree = "<group>";
		};
		384966301B86A3D9009F5A0F /* Conttollers */ = {
			isa = PBXGroup;
			children = (
				384966111B86A391009F5A0F /* Start.h */,
				384966121B86A391009F5A0F /* Start.m */,
			);
			name = Conttollers;
			sourceTree = "<group>";
		};
		384966311B86A3E1009F5A0F /* Main */ = {
			isa = PBXGroup;
			children = (
				3849660B1B86A391009F5A0F /* AppDelegate.h */,
				3849660C1B86A391009F5A0F /* AppDelegate.m */,
			);
			name = Main;
			sourceTree = "<group>";
		};
/* End PBXGroup section */

/* Begin PBXNativeTarget section */
		384966031B86A391009F5A0F /* CityMarkers */ = {
			isa = PBXNativeTarget;
			buildConfigurationList = 3849662A1B86A391009F5A0F /* Build configuration list for PBXNativeTarget "CityMarkers" */;
			buildPhases = (
				384966001B86A391009F5A0F /* Sources */,
				384966011B86A391009F5A0F /* Frameworks */,
				384966021B86A391009F5A0F /* Resources */,
			);
			buildRules = (
			);
			dependencies = (
			);
			name = CityMarkers;
			productName = CityMarkers;
			productReference = 384966041B86A391009F5A0F /* CityMarkers.app */;
			productType = "com.apple.product-type.application";
		};
		3849661F1B86A391009F5A0F /* CityMarkersTests */ = {
			isa = PBXNativeTarget;
			buildConfigurationList = 3849662D1B86A391009F5A0F /* Build configuration list for PBXNativeTarget "CityMarkersTests" */;
			buildPhases = (
				3849661C1B86A391009F5A0F /* Sources */,
				3849661D1B86A391009F5A0F /* Frameworks */,
				3849661E1B86A391009F5A0F /* Resources */,
			);
			buildRules = (
			);
			dependencies = (
				384966221B86A391009F5A0F /* PBXTargetDependency */,
			);
			name = CityMarkersTests;
			productName = CityMarkersTests;
			productReference = 384966201B86A391009F5A0F /* CityMarkersTests.xctest */;
			productType = "com.apple.product-type.bundle.unit-test";
		};
/* End PBXNativeTarget section */

/* Begin PBXProject section */
		384965FC1B86A391009F5A0F /* Project object */ = {
			isa = PBXProject;
			attributes = {
				LastUpgradeCheck = 0640;
				ORGANIZATIONNAME = vita;
				TargetAttributes = {
					384966031B86A391009F5A0F = {
						CreatedOnToolsVersion = 6.4;
					};
					3849661F1B86A391009F5A0F = {
						CreatedOnToolsVersion = 6.4;
						TestTargetID = 384966031B86A391009F5A0F;
					};
				};
			};
			buildConfigurationList = 384965FF1B86A391009F5A0F /* Build configuration list for PBXProject "CityMarkers" */;
			compatibilityVersion = "Xcode 3.2";
			developmentRegion = English;
			hasScannedForEncodings = 0;
			knownRegions = (
				en,
				Base,
			);
			mainGroup = 384965FB1B86A391009F5A0F;
			productRefGroup = 384966051B86A391009F5A0F /* Products */;
			projectDirPath = "";
			projectRoot = "";
			targets = (
				384966031B86A391009F5A0F /* CityMarkers */,
				3849661F1B86A391009F5A0F /* CityMarkersTests */,
			);
		};
/* End PBXProject section */

/* Begin PBXResourcesBuildPhase section */
		384966021B86A391009F5A0F /* Resources */ = {
			isa = PBXResourcesBuildPhase;
			buildActionMask = 2147483647;
			files = (
				384966161B86A391009F5A0F /* Main.storyboard in Resources */,
				3849661B1B86A391009F5A0F /* LaunchScreen.xib in Resources */,
				384966181B86A391009F5A0F /* Images.xcassets in Resources */,
			);
			runOnlyForDeploymentPostprocessing = 0;
		};
		3849661E1B86A391009F5A0F /* Resources */ = {
			isa = PBXResourcesBuildPhase;
			buildActionMask = 2147483647;
			files = (
			);
			runOnlyForDeploymentPostprocessing = 0;
		};
/* End PBXResourcesBuildPhase section */

/* Begin PBXSourcesBuildPhase section */
		384966001B86A391009F5A0F /* Sources */ = {
			isa = PBXSourcesBuildPhase;
			buildActionMask = 2147483647;
			files = (
				384966101B86A391009F5A0F /* CityMarkers.xcdatamodeld in Sources */,
				3849660D1B86A391009F5A0F /* AppDelegate.m in Sources */,
				384966131B86A391009F5A0F /* Start.m in Sources */,
				3849660A1B86A391009F5A0F /* main.m in Sources */,
			);
			runOnlyForDeploymentPostprocessing = 0;
		};
		3849661C1B86A391009F5A0F /* Sources */ = {
			isa = PBXSourcesBuildPhase;
			buildActionMask = 2147483647;
			files = (
				384966271B86A391009F5A0F /* CityMarkersTests.m in Sources */,
			);
			runOnlyForDeploymentPostprocessing = 0;
		};
/* End PBXSourcesBuildPhase section */

/* Begin PBXTargetDependency section */
		384966221B86A391009F5A0F /* PBXTargetDependency */ = {
			isa = PBXTargetDependency;
			target = 384966031B86A391009F5A0F /* CityMarkers */;
			targetProxy = 384966211B86A391009F5A0F /* PBXContainerItemProxy */;
		};
/* End PBXTargetDependency section */

/* Begin PBXVariantGroup section */
		384966141B86A391009F5A0F /* Main.storyboard */ = {
			isa = PBXVariantGroup;
			children = (
				384966151B86A391009F5A0F /* Base */,
			);
			name = Main.storyboard;
			sourceTree = "<group>";
		};
		384966191B86A391009F5A0F /* LaunchScreen.xib */ = {
			isa = PBXVariantGroup;
			children = (
				3849661A1B86A391009F5A0F /* Base */,
			);
			name = LaunchScreen.xib;
			sourceTree = "<group>";
		};
/* End PBXVariantGroup section */

/* Begin XCBuildConfiguration section */
		384966281B86A391009F5A0F /* Debug */ = {
			isa = XCBuildConfiguration;
			buildSettings = {
				ALWAYS_SEARCH_USER_PATHS = NO;
				CLANG_CXX_LANGUAGE_STANDARD = "gnu++0x";
				CLANG_CXX_LIBRARY = "libc++";
				CLANG_ENABLE_MODULES = YES;
				CLANG_ENABLE_OBJC_ARC = YES;
				CLANG_WARN_BOOL_CONVERSION = YES;
				CLANG_WARN_CONSTANT_CONVERSION = YES;
				CLANG_WARN_DIRECT_OBJC_ISA_USAGE = YES_ERROR;
				CLANG_WARN_EMPTY_BODY = YES;
				CLANG_WARN_ENUM_CONVERSION = YES;
				CLANG_WARN_INT_CONVERSION = YES;
				CLANG_WARN_OBJC_ROOT_CLASS = YES_ERROR;
				CLANG_WARN_UNREACHABLE_CODE = YES;
				CLANG_WARN__DUPLICATE_METHOD_MATCH = YES;
				"CODE_SIGN_IDENTITY[sdk=iphoneos*]" = "iPhone Developer";
				COPY_PHASE_STRIP = NO;
				DEBUG_INFORMATION_FORMAT = "dwarf-with-dsym";
				ENABLE_STRICT_OBJC_MSGSEND = YES;
				GCC_C_LANGUAGE_STANDARD = gnu99;
				GCC_DYNAMIC_NO_PIC = NO;
				GCC_NO_COMMON_BLOCKS = YES;
				GCC_OPTIMIZATION_LEVEL = 0;
				GCC_PREPROCESSOR_DEFINITIONS = (
					"DEBUG=1",
					"$(inherited)",
				);
				GCC_SYMBOLS_PRIVATE_EXTERN = NO;
				GCC_WARN_64_TO_32_BIT_CONVERSION = YES;
				GCC_WARN_ABOUT_RETURN_TYPE = YES_ERROR;
				GCC_WARN_UNDECLARED_SELECTOR = YES;
				GCC_WARN_UNINITIALIZED_AUTOS = YES_AGGRESSIVE;
				GCC_WARN_UNUSED_FUNCTION = YES;
				GCC_WARN_UNUSED_VARIABLE = YES;
				IPHONEOS_DEPLOYMENT_TARGET = 8.4;
				MTL_ENABLE_DEBUG_INFO = YES;
				ONLY_ACTIVE_ARCH = YES;
				SDKROOT = iphoneos;
			};
			name = Debug;
		};
		384966291B86A391009F5A0F /* Release */ = {
			isa = XCBuildConfiguration;
			buildSettings = {
				ALWAYS_SEARCH_USER_PATHS = NO;
				CLANG_CXX_LANGUAGE_STANDARD = "gnu++0x";
				CLANG_CXX_LIBRARY = "libc++";
				CLANG_ENABLE_MODULES = YES;
				CLANG_ENABLE_OBJC_ARC = YES;
				CLANG_WARN_BOOL_CONVERSION = YES;
				CLANG_WARN_CONSTANT_CONVERSION = YES;
				CLANG_WARN_DIRECT_OBJC_ISA_USAGE = YES_ERROR;
				CLANG_WARN_EMPTY_BODY = YES;
				CLANG_WARN_ENUM_CONVERSION = YES;
				CLANG_WARN_INT_CONVERSION = YES;
				CLANG_WARN_OBJC_ROOT_CLASS = YES_ERROR;
				CLANG_WARN_UNREACHABLE_CODE = YES;
				CLANG_WARN__DUPLICATE_METHOD_MATCH = YES;
				"CODE_SIGN_IDENTITY[sdk=iphoneos*]" = "iPhone Developer";
				COPY_PHASE_STRIP = NO;
				DEBUG_INFORMATION_FORMAT = "dwarf-with-dsym";
				ENABLE_NS_ASSERTIONS = NO;
				ENABLE_STRICT_OBJC_MSGSEND = YES;
				GCC_C_LANGUAGE_STANDARD = gnu99;
				GCC_NO_COMMON_BLOCKS = YES;
				GCC_WARN_64_TO_32_BIT_CONVERSION = YES;
				GCC_WARN_ABOUT_RETURN_TYPE = YES_ERROR;
				GCC_WARN_UNDECLARED_SELECTOR = YES;
				GCC_WARN_UNINITIALIZED_AUTOS = YES_AGGRESSIVE;
				GCC_WARN_UNUSED_FUNCTION = YES;
				GCC_WARN_UNUSED_VARIABLE = YES;
				IPHONEOS_DEPLOYMENT_TARGET = 8.4;
				MTL_ENABLE_DEBUG_INFO = NO;
				SDKROOT = iphoneos;
				VALIDATE_PRODUCT = YES;
			};
			name = Release;
		};
		3849662B1B86A391009F5A0F /* Debug */ = {
			isa = XCBuildConfiguration;
			buildSettings = {
				ASSETCATALOG_COMPILER_APPICON_NAME = AppIcon;
				INFOPLIST_FILE = CityMarkers/Info.plist;
				LD_RUNPATH_SEARCH_PATHS = "$(inherited) @executable_path/Frameworks";
				PRODUCT_NAME = "$(TARGET_NAME)";
			};
			name = Debug;
		};
		3849662C1B86A391009F5A0F /* Release */ = {
			isa = XCBuildConfiguration;
			buildSettings = {
				ASSETCATALOG_COMPILER_APPICON_NAME = AppIcon;
				INFOPLIST_FILE = CityMarkers/Info.plist;
				LD_RUNPATH_SEARCH_PATHS = "$(inherited) @executable_path/Frameworks";
				PRODUCT_NAME = "$(TARGET_NAME)";
			};
			name = Release;
		};
		3849662E1B86A391009F5A0F /* Debug */ = {
			isa = XCBuildConfiguration;
			buildSettings = {
				BUNDLE_LOADER = "$(TEST_HOST)";
				FRAMEWORK_SEARCH_PATHS = (
					"$(SDKROOT)/Developer/Library/Frameworks",
					"$(inherited)",
				);
				GCC_PREPROCESSOR_DEFINITIONS = (
					"DEBUG=1",
					"$(inherited)",
				);
				INFOPLIST_FILE = CityMarkersTests/Info.plist;
				LD_RUNPATH_SEARCH_PATHS = "$(inherited) @executable_path/Frameworks @loader_path/Frameworks";
				PRODUCT_NAME = "$(TARGET_NAME)";
				TEST_HOST = "$(BUILT_PRODUCTS_DIR)/CityMarkers.app/CityMarkers";
			};
			name = Debug;
		};
		3849662F1B86A391009F5A0F /* Release */ = {
			isa = XCBuildConfiguration;
			buildSettings = {
				BUNDLE_LOADER = "$(TEST_HOST)";
				FRAMEWORK_SEARCH_PATHS = (
					"$(SDKROOT)/Developer/Library/Frameworks",
					"$(inherited)",
				);
				INFOPLIST_FILE = CityMarkersTests/Info.plist;
				LD_RUNPATH_SEARCH_PATHS = "$(inherited) @executable_path/Frameworks @loader_path/Frameworks";
				PRODUCT_NAME = "$(TARGET_NAME)";
				TEST_HOST = "$(BUILT_PRODUCTS_DIR)/CityMarkers.app/CityMarkers";
			};
			name = Release;
		};
/* End XCBuildConfiguration section */

/* Begin XCConfigurationList section */
		384965FF1B86A391009F5A0F /* Build configuration list for PBXProject "CityMarkers" */ = {
			isa = XCConfigurationList;
			buildConfigurations = (
				384966281B86A391009F5A0F /* Debug */,
				384966291B86A391009F5A0F /* Release */,
			);
			defaultConfigurationIsVisible = 0;
			defaultConfigurationName = Release;
		};
		3849662A1B86A391009F5A0F /* Build configuration list for PBXNativeTarget "CityMarkers" */ = {
			isa = XCConfigurationList;
			buildConfigurations = (
				3849662B1B86A391009F5A0F /* Debug */,
				3849662C1B86A391009F5A0F /* Release */,
			);
			defaultConfigurationIsVisible = 0;
		};
		3849662D1B86A391009F5A0F /* Build configuration list for PBXNativeTarget "CityMarkersTests" */ = {
			isa = XCConfigurationList;
			buildConfigurations = (
				3849662E1B86A391009F5A0F /* Debug */,
				3849662F1B86A391009F5A0F /* Release */,
			);
			defaultConfigurationIsVisible = 0;
		};
/* End XCConfigurationList section */

/* Begin XCVersionGroup section */
		3849660E1B86A391009F5A0F /* CityMarkers.xcdatamodeld */ = {
			isa = XCVersionGroup;
			children = (
				3849660F1B86A391009F5A0F /* CityMarkers.xcdatamodel */,
			);
			currentVersion = 3849660F1B86A391009F5A0F /* CityMarkers.xcdatamodel */;
			path = CityMarkers.xcdatamodeld;
			sourceTree = "<group>";
			versionGroupType = wrapper.xcdatamodel;
		};
/* End XCVersionGroup section */
	};
	rootObject = 384965FC1B86A391009F5A0F /* Project object */;
}
